
Microsoft Visual Studio Solution File, Format Version 12.00
# Visual Studio Version 16
VisualStudioVersion = 16.0.31702.278
MinimumVisualStudioVersion = 10.0.40219.1
Project("{9A19103F-16F7-4668-BE54-9A1E7A4F7556}") = "FrameChallenge", "FrameChallenge.csproj", "{179ED07F-7383-448F-AD86-FBE79EA3D610}"
EndProject
Global
	GlobalSection(SolutionConfigurationPlatforms) = preSolution
		Debug|Any CPU = Debug|Any CPU
		Release|Any CPU = Release|Any CPU
	EndGlobalSection
	GlobalSection(ProjectConfigurationPlatforms) = postSolution
		{179ED07F-7383-448F-AD86-FBE79EA3D610}.Debug|Any CPU.ActiveCfg = Debug|Any CPU
		{179ED07F-7383-448F-AD86-FBE79EA3D610}.Debug|Any CPU.Build.0 = Debug|Any CPU
		{179ED07F-7383-448F-AD86-FBE79EA3D610}.Release|Any CPU.ActiveCfg = Release|Any CPU
		{179ED07F-7383-448F-AD86-FBE79EA3D610}.Release|Any CPU.Build.0 = Release|Any CPU
	EndGlobalSection
	GlobalSection(SolutionProperties) = preSolution
		HideSolutionNode = FALSE
	EndGlobalSection
	GlobalSection(ExtensibilityGlobals) = postSolution
		SolutionGuid = {CCEF0AE7-376E-47C9-A210-4767B6F8F19C}
	EndGlobalSection
EndGlobal
